// !$*UTF8*$!
{
	archiveVersion = 1;
	classes = {
	};
	objectVersion = 56;
	objects = {

/* Begin PBXBuildFile section */
		6015F1589F36B18A122FFC17 /* Pods_Instagram.framework in Frameworks */ = {isa = PBXBuildFile; fileRef = 98206BA93C9EF15DDE2291C8 /* Pods_Instagram.framework */; };
		9F0C90922C0A0ECD00E5D3A3 /* PosterCollectionViewCell.swift in Sources */ = {isa = PBXBuildFile; fileRef = 9F0C90912C0A0ECD00E5D3A3 /* PosterCollectionViewCell.swift */; };
		9F0C90952C0A108600E5D3A3 /* PostCollectionViewCell.swift in Sources */ = {isa = PBXBuildFile; fileRef = 9F0C90942C0A108600E5D3A3 /* PostCollectionViewCell.swift */; };
		9F0C90972C0A10AC00E5D3A3 /* PostActionsCollectionViewCell.swift in Sources */ = {isa = PBXBuildFile; fileRef = 9F0C90962C0A10AC00E5D3A3 /* PostActionsCollectionViewCell.swift */; };
		9F0C90992C0A10E000E5D3A3 /* PostLikesCollectionViewCell.swift in Sources */ = {isa = PBXBuildFile; fileRef = 9F0C90982C0A10E000E5D3A3 /* PostLikesCollectionViewCell.swift */; };
		9F0C909B2C0A10FA00E5D3A3 /* PostCaptionCollectionViewCell.swift in Sources */ = {isa = PBXBuildFile; fileRef = 9F0C909A2C0A10FA00E5D3A3 /* PostCaptionCollectionViewCell.swift */; };
		9F0C909D2C0A110F00E5D3A3 /* PostDateTimeCollectionViewCell.swift in Sources */ = {isa = PBXBuildFile; fileRef = 9F0C909C2C0A110F00E5D3A3 /* PostDateTimeCollectionViewCell.swift */; };
		9F45E7262C2055C6001DF4EB /* PostEditViewController.swift in Sources */ = {isa = PBXBuildFile; fileRef = 9F45E7252C2055C6001DF4EB /* PostEditViewController.swift */; };
		9F45E7282C205F35001DF4EB /* PhotoCollectionViewCell.swift in Sources */ = {isa = PBXBuildFile; fileRef = 9F45E7272C205F35001DF4EB /* PhotoCollectionViewCell.swift */; };
		9F4E3FCA2C524DDA002DF8F7 /* CommentBarView.swift in Sources */ = {isa = PBXBuildFile; fileRef = 9F4E3FC92C524DDA002DF8F7 /* CommentBarView.swift */; };
		9F4E3FCC2C524E46002DF8F7 /* Comment.swift in Sources */ = {isa = PBXBuildFile; fileRef = 9F4E3FCB2C524E46002DF8F7 /* Comment.swift */; };
		9F4E3FCE2C524EAA002DF8F7 /* CommentCollectionViewCell.swift in Sources */ = {isa = PBXBuildFile; fileRef = 9F4E3FCD2C524EAA002DF8F7 /* CommentCollectionViewCell.swift */; };
		9F4F598B2BC9597600C152FE /* GoogleService-Info.plist in Resources */ = {isa = PBXBuildFile; fileRef = 9F4F598A2BC9597600C152FE /* GoogleService-Info.plist */; };
		9F5B9D722C25831100B51749 /* SearchResultsViewController.swift in Sources */ = {isa = PBXBuildFile; fileRef = 9F5B9D712C25831100B51749 /* SearchResultsViewController.swift */; };
		9F5C14C82C32B8F500A49DF4 /* FollowNotificationTableViewCell.swift in Sources */ = {isa = PBXBuildFile; fileRef = 9F5C14C72C32B8F500A49DF4 /* FollowNotificationTableViewCell.swift */; };
		9F5C14CA2C32B90B00A49DF4 /* LikeNotificationTableViewCell.swift in Sources */ = {isa = PBXBuildFile; fileRef = 9F5C14C92C32B90B00A49DF4 /* LikeNotificationTableViewCell.swift */; };
		9F5C14CC2C32B91B00A49DF4 /* CommentNotificationTableViewCell.swift in Sources */ = {isa = PBXBuildFile; fileRef = 9F5C14CB2C32B91B00A49DF4 /* CommentNotificationTableViewCell.swift */; };
		9F5C14CE2C32BAF300A49DF4 /* NotificationsManager.swift in Sources */ = {isa = PBXBuildFile; fileRef = 9F5C14CD2C32BAF300A49DF4 /* NotificationsManager.swift */; };
		9F5C14D02C32C1F700A49DF4 /* NotificationCellType.swift in Sources */ = {isa = PBXBuildFile; fileRef = 9F5C14CF2C32C1F700A49DF4 /* NotificationCellType.swift */; };
		9F5C14D22C32C25A00A49DF4 /* NotificationCellViewModels.swift in Sources */ = {isa = PBXBuildFile; fileRef = 9F5C14D12C32C25A00A49DF4 /* NotificationCellViewModels.swift */; };
		9F5C14D42C32C58500A49DF4 /* IGFollowButton.swift in Sources */ = {isa = PBXBuildFile; fileRef = 9F5C14D32C32C58500A49DF4 /* IGFollowButton.swift */; };
		9F5C6B182C4EAAB8006E7097 /* SinglePostCellType.swift in Sources */ = {isa = PBXBuildFile; fileRef = 9F5C6B172C4EAAB8006E7097 /* SinglePostCellType.swift */; };
		9F60D0082C3FDD080011CC0D /* UserInfo.swift in Sources */ = {isa = PBXBuildFile; fileRef = 9F60D0072C3FDD080011CC0D /* UserInfo.swift */; };
		9F60D00A2C3FE07B0011CC0D /* EditProfileViewController.swift in Sources */ = {isa = PBXBuildFile; fileRef = 9F60D0092C3FE07B0011CC0D /* EditProfileViewController.swift */; };
		9F6116142C3D1EBA00D181E7 /* ProfileHeaderCountView.swift in Sources */ = {isa = PBXBuildFile; fileRef = 9F6116132C3D1EBA00D181E7 /* ProfileHeaderCountView.swift */; };
		9F6116162C3D1EE100D181E7 /* ProfileHeaderCountViewViewModel.swift in Sources */ = {isa = PBXBuildFile; fileRef = 9F6116152C3D1EE100D181E7 /* ProfileHeaderCountViewViewModel.swift */; };
		9F61A1C22BFE40BA006D0F08 /* PosterCollectionViewCellViewModel.swift in Sources */ = {isa = PBXBuildFile; fileRef = 9F61A1C12BFE40BA006D0F08 /* PosterCollectionViewCellViewModel.swift */; };
		9F61A1C42BFE41CA006D0F08 /* PostCollectionViewCellViewModel.swift in Sources */ = {isa = PBXBuildFile; fileRef = 9F61A1C32BFE41CA006D0F08 /* PostCollectionViewCellViewModel.swift */; };
		9F61A1C62BFE41F5006D0F08 /* PostActionsCollectionViewCellViewModel.swift in Sources */ = {isa = PBXBuildFile; fileRef = 9F61A1C52BFE41F5006D0F08 /* PostActionsCollectionViewCellViewModel.swift */; };
		9F61A1C82BFE4214006D0F08 /* PostLikesCollectionViewCellViewModel.swift in Sources */ = {isa = PBXBuildFile; fileRef = 9F61A1C72BFE4214006D0F08 /* PostLikesCollectionViewCellViewModel.swift */; };
		9F61A1CA2BFE4273006D0F08 /* PostCaptionCollectionViewCellViewModel.swift in Sources */ = {isa = PBXBuildFile; fileRef = 9F61A1C92BFE4273006D0F08 /* PostCaptionCollectionViewCellViewModel.swift */; };
		9F61A1CC2BFE42B0006D0F08 /* PostDatetimeCollectionViewCellViewModel.swift in Sources */ = {isa = PBXBuildFile; fileRef = 9F61A1CB2BFE42B0006D0F08 /* PostDatetimeCollectionViewCellViewModel.swift */; };
		9F61A1CE2BFE4387006D0F08 /* HomeFeedCellType.swift in Sources */ = {isa = PBXBuildFile; fileRef = 9F61A1CD2BFE4387006D0F08 /* HomeFeedCellType.swift */; };
		9F7206972C4F8C240036F8CB /* SettingsModels.swift in Sources */ = {isa = PBXBuildFile; fileRef = 9F7206962C4F8C240036F8CB /* SettingsModels.swift */; };
		9F7C51C92C3BE92A006D9B18 /* ProfileHeaderCollectionReusableView.swift in Sources */ = {isa = PBXBuildFile; fileRef = 9F7C51C82C3BE92A006D9B18 /* ProfileHeaderCollectionReusableView.swift */; };
		9F7C51CB2C3BE9E3006D9B18 /* ProfileHeaderViewModel.swift in Sources */ = {isa = PBXBuildFile; fileRef = 9F7C51CA2C3BE9E3006D9B18 /* ProfileHeaderViewModel.swift */; };
		9FDFC9E02BBC57EE000E8FA1 /* AppDelegate.swift in Sources */ = {isa = PBXBuildFile; fileRef = 9FDFC9DF2BBC57EE000E8FA1 /* AppDelegate.swift */; };
		9FDFC9E22BBC57EE000E8FA1 /* SceneDelegate.swift in Sources */ = {isa = PBXBuildFile; fileRef = 9FDFC9E12BBC57EE000E8FA1 /* SceneDelegate.swift */; };
		9FDFC9E42BBC57EE000E8FA1 /* HomeViewController.swift in Sources */ = {isa = PBXBuildFile; fileRef = 9FDFC9E32BBC57EE000E8FA1 /* HomeViewController.swift */; };
		9FDFC9E92BBC57F0000E8FA1 /* Assets.xcassets in Resources */ = {isa = PBXBuildFile; fileRef = 9FDFC9E82BBC57F0000E8FA1 /* Assets.xcassets */; };
		9FDFC9EC2BBC57F0000E8FA1 /* LaunchScreen.storyboard in Resources */ = {isa = PBXBuildFile; fileRef = 9FDFC9EA2BBC57F0000E8FA1 /* LaunchScreen.storyboard */; };
		9FDFC9FC2BBC59AE000E8FA1 /* ExploreViewController.swift in Sources */ = {isa = PBXBuildFile; fileRef = 9FDFC9FB2BBC59AE000E8FA1 /* ExploreViewController.swift */; };
		9FDFC9FE2BBC59C0000E8FA1 /* CameraViewController.swift in Sources */ = {isa = PBXBuildFile; fileRef = 9FDFC9FD2BBC59C0000E8FA1 /* CameraViewController.swift */; };
		9FDFCA002BBC59CE000E8FA1 /* NotificationsViewController.swift in Sources */ = {isa = PBXBuildFile; fileRef = 9FDFC9FF2BBC59CE000E8FA1 /* NotificationsViewController.swift */; };
		9FDFCA022BBC59DC000E8FA1 /* ProfileViewController.swift in Sources */ = {isa = PBXBuildFile; fileRef = 9FDFCA012BBC59DC000E8FA1 /* ProfileViewController.swift */; };
		9FDFCA042BBC59F2000E8FA1 /* TabBarViewController.swift in Sources */ = {isa = PBXBuildFile; fileRef = 9FDFCA032BBC59F2000E8FA1 /* TabBarViewController.swift */; };
		9FDFCA062BBC5A0B000E8FA1 /* SignInViewController.swift in Sources */ = {isa = PBXBuildFile; fileRef = 9FDFCA052BBC5A0B000E8FA1 /* SignInViewController.swift */; };
		9FDFCA082BBC5A15000E8FA1 /* SignUpViewController.swift in Sources */ = {isa = PBXBuildFile; fileRef = 9FDFCA072BBC5A15000E8FA1 /* SignUpViewController.swift */; };
		9FDFCA0A2BBC5A21000E8FA1 /* PostViewController.swift in Sources */ = {isa = PBXBuildFile; fileRef = 9FDFCA092BBC5A21000E8FA1 /* PostViewController.swift */; };
		9FDFCA0C2BBC5A2F000E8FA1 /* ListViewController.swift in Sources */ = {isa = PBXBuildFile; fileRef = 9FDFCA0B2BBC5A2F000E8FA1 /* ListViewController.swift */; };
		9FDFCA0E2BBC5A3B000E8FA1 /* CaptionViewController.swift in Sources */ = {isa = PBXBuildFile; fileRef = 9FDFCA0D2BBC5A3B000E8FA1 /* CaptionViewController.swift */; };
		9FDFCA102BBC5AD7000E8FA1 /* User.swift in Sources */ = {isa = PBXBuildFile; fileRef = 9FDFCA0F2BBC5AD7000E8FA1 /* User.swift */; };
		9FDFCA122BBC5AE4000E8FA1 /* Post.swift in Sources */ = {isa = PBXBuildFile; fileRef = 9FDFCA112BBC5AE4000E8FA1 /* Post.swift */; };
		9FDFCA162BBC5B09000E8FA1 /* Notification.swift in Sources */ = {isa = PBXBuildFile; fileRef = 9FDFCA152BBC5B09000E8FA1 /* Notification.swift */; };
		9FDFCA182BBC5B22000E8FA1 /* AuthManager.swift in Sources */ = {isa = PBXBuildFile; fileRef = 9FDFCA172BBC5B22000E8FA1 /* AuthManager.swift */; };
		9FDFCA1A2BBC5B36000E8FA1 /* DatabaseManager.swift in Sources */ = {isa = PBXBuildFile; fileRef = 9FDFCA192BBC5B36000E8FA1 /* DatabaseManager.swift */; };
		9FDFCA1C2BBC5B46000E8FA1 /* StorageManager.swift in Sources */ = {isa = PBXBuildFile; fileRef = 9FDFCA1B2BBC5B46000E8FA1 /* StorageManager.swift */; };
		9FDFCA1E2BBC5B58000E8FA1 /* AnalyticsManager.swift in Sources */ = {isa = PBXBuildFile; fileRef = 9FDFCA1D2BBC5B58000E8FA1 /* AnalyticsManager.swift */; };
		9FED15822C41669200DBEFEC /* ListUserTableViewCell.swift in Sources */ = {isa = PBXBuildFile; fileRef = 9FED15812C41669200DBEFEC /* ListUserTableViewCell.swift */; };
		9FED15842C4166B100DBEFEC /* ListUserTableViewCellViewModel.swift in Sources */ = {isa = PBXBuildFile; fileRef = 9FED15832C4166B100DBEFEC /* ListUserTableViewCellViewModel.swift */; };
		9FFAF6A52BCD1AEF00768243 /* Extensions.swift in Sources */ = {isa = PBXBuildFile; fileRef = 9FFAF6A42BCD1AEF00768243 /* Extensions.swift */; };
		9FFAF6A72BCD1B3D00768243 /* SignInHeaderView.swift in Sources */ = {isa = PBXBuildFile; fileRef = 9FFAF6A62BCD1B3D00768243 /* SignInHeaderView.swift */; };
		9FFAF6A92BCD1E3C00768243 /* IGTextField.swift in Sources */ = {isa = PBXBuildFile; fileRef = 9FFAF6A82BCD1E3C00768243 /* IGTextField.swift */; };
		9FFAF6AB2BCD359E00768243 /* HapticManager.swift in Sources */ = {isa = PBXBuildFile; fileRef = 9FFAF6AA2BCD359E00768243 /* HapticManager.swift */; };
		9FFAF6AD2BCD463200768243 /* SettingsViewController.swift in Sources */ = {isa = PBXBuildFile; fileRef = 9FFAF6AC2BCD463200768243 /* SettingsViewController.swift */; };
/* End PBXBuildFile section */

/* Begin PBXFileReference section */
		1FCE5FE38CE26E5F256EDA33 /* Pods-Instagram.release.xcconfig */ = {isa = PBXFileReference; includeInIndex = 1; lastKnownFileType = text.xcconfig; name = "Pods-Instagram.release.xcconfig"; path = "Target Support Files/Pods-Instagram/Pods-Instagram.release.xcconfig"; sourceTree = "<group>"; };
		98206BA93C9EF15DDE2291C8 /* Pods_Instagram.framework */ = {isa = PBXFileReference; explicitFileType = wrapper.framework; includeInIndex = 0; path = Pods_Instagram.framework; sourceTree = BUILT_PRODUCTS_DIR; };
		9F0C90912C0A0ECD00E5D3A3 /* PosterCollectionViewCell.swift */ = {isa = PBXFileReference; lastKnownFileType = sourcecode.swift; path = PosterCollectionViewCell.swift; sourceTree = "<group>"; };
		9F0C90942C0A108600E5D3A3 /* PostCollectionViewCell.swift */ = {isa = PBXFileReference; lastKnownFileType = sourcecode.swift; path = PostCollectionViewCell.swift; sourceTree = "<group>"; };
		9F0C90962C0A10AC00E5D3A3 /* PostActionsCollectionViewCell.swift */ = {isa = PBXFileReference; lastKnownFileType = sourcecode.swift; path = PostActionsCollectionViewCell.swift; sourceTree = "<group>"; };
		9F0C90982C0A10E000E5D3A3 /* PostLikesCollectionViewCell.swift */ = {isa = PBXFileReference; lastKnownFileType = sourcecode.swift; path = PostLikesCollectionViewCell.swift; sourceTree = "<group>"; };
		9F0C909A2C0A10FA00E5D3A3 /* PostCaptionCollectionViewCell.swift */ = {isa = PBXFileReference; lastKnownFileType = sourcecode.swift; path = PostCaptionCollectionViewCell.swift; sourceTree = "<group>"; };
		9F0C909C2C0A110F00E5D3A3 /* PostDateTimeCollectionViewCell.swift */ = {isa = PBXFileReference; lastKnownFileType = sourcecode.swift; path = PostDateTimeCollectionViewCell.swift; sourceTree = "<group>"; };
		9F45E7252C2055C6001DF4EB /* PostEditViewController.swift */ = {isa = PBXFileReference; lastKnownFileType = sourcecode.swift; path = PostEditViewController.swift; sourceTree = "<group>"; };
		9F45E7272C205F35001DF4EB /* PhotoCollectionViewCell.swift */ = {isa = PBXFileReference; lastKnownFileType = sourcecode.swift; path = PhotoCollectionViewCell.swift; sourceTree = "<group>"; };
		9F4E3FC92C524DDA002DF8F7 /* CommentBarView.swift */ = {isa = PBXFileReference; lastKnownFileType = sourcecode.swift; path = CommentBarView.swift; sourceTree = "<group>"; };
		9F4E3FCB2C524E46002DF8F7 /* Comment.swift */ = {isa = PBXFileReference; lastKnownFileType = sourcecode.swift; path = Comment.swift; sourceTree = "<group>"; };
		9F4E3FCD2C524EAA002DF8F7 /* CommentCollectionViewCell.swift */ = {isa = PBXFileReference; lastKnownFileType = sourcecode.swift; path = CommentCollectionViewCell.swift; sourceTree = "<group>"; };
		9F4F598A2BC9597600C152FE /* GoogleService-Info.plist */ = {isa = PBXFileReference; fileEncoding = 4; lastKnownFileType = text.plist.xml; path = "GoogleService-Info.plist"; sourceTree = "<group>"; };
		9F5B9D712C25831100B51749 /* SearchResultsViewController.swift */ = {isa = PBXFileReference; lastKnownFileType = sourcecode.swift; path = SearchResultsViewController.swift; sourceTree = "<group>"; };
		9F5C14C72C32B8F500A49DF4 /* FollowNotificationTableViewCell.swift */ = {isa = PBXFileReference; lastKnownFileType = sourcecode.swift; path = FollowNotificationTableViewCell.swift; sourceTree = "<group>"; };
		9F5C14C92C32B90B00A49DF4 /* LikeNotificationTableViewCell.swift */ = {isa = PBXFileReference; lastKnownFileType = sourcecode.swift; path = LikeNotificationTableViewCell.swift; sourceTree = "<group>"; };
		9F5C14CB2C32B91B00A49DF4 /* CommentNotificationTableViewCell.swift */ = {isa = PBXFileReference; lastKnownFileType = sourcecode.swift; path = CommentNotificationTableViewCell.swift; sourceTree = "<group>"; };
		9F5C14CD2C32BAF300A49DF4 /* NotificationsManager.swift */ = {isa = PBXFileReference; lastKnownFileType = sourcecode.swift; path = NotificationsManager.swift; sourceTree = "<group>"; };
		9F5C14CF2C32C1F700A49DF4 /* NotificationCellType.swift */ = {isa = PBXFileReference; lastKnownFileType = sourcecode.swift; path = NotificationCellType.swift; sourceTree = "<group>"; };
		9F5C14D12C32C25A00A49DF4 /* NotificationCellViewModels.swift */ = {isa = PBXFileReference; lastKnownFileType = sourcecode.swift; path = NotificationCellViewModels.swift; sourceTree = "<group>"; };
		9F5C14D32C32C58500A49DF4 /* IGFollowButton.swift */ = {isa = PBXFileReference; lastKnownFileType = sourcecode.swift; path = IGFollowButton.swift; sourceTree = "<group>"; };
		9F5C6B172C4EAAB8006E7097 /* SinglePostCellType.swift */ = {isa = PBXFileReference; lastKnownFileType = sourcecode.swift; path = SinglePostCellType.swift; sourceTree = "<group>"; };
		9F60D0072C3FDD080011CC0D /* UserInfo.swift */ = {isa = PBXFileReference; lastKnownFileType = sourcecode.swift; path = UserInfo.swift; sourceTree = "<group>"; };
		9F60D0092C3FE07B0011CC0D /* EditProfileViewController.swift */ = {isa = PBXFileReference; lastKnownFileType = sourcecode.swift; path = EditProfileViewController.swift; sourceTree = "<group>"; };
		9F6116132C3D1EBA00D181E7 /* ProfileHeaderCountView.swift */ = {isa = PBXFileReference; lastKnownFileType = sourcecode.swift; path = ProfileHeaderCountView.swift; sourceTree = "<group>"; };
		9F6116152C3D1EE100D181E7 /* ProfileHeaderCountViewViewModel.swift */ = {isa = PBXFileReference; lastKnownFileType = sourcecode.swift; path = ProfileHeaderCountViewViewModel.swift; sourceTree = "<group>"; };
		9F61A1C12BFE40BA006D0F08 /* PosterCollectionViewCellViewModel.swift */ = {isa = PBXFileReference; lastKnownFileType = sourcecode.swift; path = PosterCollectionViewCellViewModel.swift; sourceTree = "<group>"; };
		9F61A1C32BFE41CA006D0F08 /* PostCollectionViewCellViewModel.swift */ = {isa = PBXFileReference; lastKnownFileType = sourcecode.swift; path = PostCollectionViewCellViewModel.swift; sourceTree = "<group>"; };
		9F61A1C52BFE41F5006D0F08 /* PostActionsCollectionViewCellViewModel.swift */ = {isa = PBXFileReference; lastKnownFileType = sourcecode.swift; path = PostActionsCollectionViewCellViewModel.swift; sourceTree = "<group>"; };
		9F61A1C72BFE4214006D0F08 /* PostLikesCollectionViewCellViewModel.swift */ = {isa = PBXFileReference; lastKnownFileType = sourcecode.swift; path = PostLikesCollectionViewCellViewModel.swift; sourceTree = "<group>"; };
		9F61A1C92BFE4273006D0F08 /* PostCaptionCollectionViewCellViewModel.swift */ = {isa = PBXFileReference; lastKnownFileType = sourcecode.swift; path = PostCaptionCollectionViewCellViewModel.swift; sourceTree = "<group>"; };
		9F61A1CB2BFE42B0006D0F08 /* PostDatetimeCollectionViewCellViewModel.swift */ = {isa = PBXFileReference; lastKnownFileType = sourcecode.swift; path = PostDatetimeCollectionViewCellViewModel.swift; sourceTree = "<group>"; };
		9F61A1CD2BFE4387006D0F08 /* HomeFeedCellType.swift */ = {isa = PBXFileReference; lastKnownFileType = sourcecode.swift; path = HomeFeedCellType.swift; sourceTree = "<group>"; };
		9F7206962C4F8C240036F8CB /* SettingsModels.swift */ = {isa = PBXFileReference; lastKnownFileType = sourcecode.swift; path = SettingsModels.swift; sourceTree = "<group>"; };
		9F7C51C82C3BE92A006D9B18 /* ProfileHeaderCollectionReusableView.swift */ = {isa = PBXFileReference; lastKnownFileType = sourcecode.swift; path = ProfileHeaderCollectionReusableView.swift; sourceTree = "<group>"; };
		9F7C51CA2C3BE9E3006D9B18 /* ProfileHeaderViewModel.swift */ = {isa = PBXFileReference; lastKnownFileType = sourcecode.swift; path = ProfileHeaderViewModel.swift; sourceTree = "<group>"; };
		9FDFC9DC2BBC57EE000E8FA1 /* Instagram.app */ = {isa = PBXFileReference; explicitFileType = wrapper.application; includeInIndex = 0; path = Instagram.app; sourceTree = BUILT_PRODUCTS_DIR; };
		9FDFC9DF2BBC57EE000E8FA1 /* AppDelegate.swift */ = {isa = PBXFileReference; lastKnownFileType = sourcecode.swift; path = AppDelegate.swift; sourceTree = "<group>"; };
		9FDFC9E12BBC57EE000E8FA1 /* SceneDelegate.swift */ = {isa = PBXFileReference; lastKnownFileType = sourcecode.swift; path = SceneDelegate.swift; sourceTree = "<group>"; };
		9FDFC9E32BBC57EE000E8FA1 /* HomeViewController.swift */ = {isa = PBXFileReference; lastKnownFileType = sourcecode.swift; path = HomeViewController.swift; sourceTree = "<group>"; };
		9FDFC9E82BBC57F0000E8FA1 /* Assets.xcassets */ = {isa = PBXFileReference; lastKnownFileType = folder.assetcatalog; path = Assets.xcassets; sourceTree = "<group>"; };
		9FDFC9EB2BBC57F0000E8FA1 /* Base */ = {isa = PBXFileReference; lastKnownFileType = file.storyboard; name = Base; path = Base.lproj/LaunchScreen.storyboard; sourceTree = "<group>"; };
		9FDFC9ED2BBC57F0000E8FA1 /* Info.plist */ = {isa = PBXFileReference; lastKnownFileType = text.plist.xml; path = Info.plist; sourceTree = "<group>"; };
		9FDFC9FB2BBC59AE000E8FA1 /* ExploreViewController.swift */ = {isa = PBXFileReference; lastKnownFileType = sourcecode.swift; path = ExploreViewController.swift; sourceTree = "<group>"; };
		9FDFC9FD2BBC59C0000E8FA1 /* CameraViewController.swift */ = {isa = PBXFileReference; lastKnownFileType = sourcecode.swift; path = CameraViewController.swift; sourceTree = "<group>"; };
		9FDFC9FF2BBC59CE000E8FA1 /* NotificationsViewController.swift */ = {isa = PBXFileReference; lastKnownFileType = sourcecode.swift; path = NotificationsViewController.swift; sourceTree = "<group>"; };
		9FDFCA012BBC59DC000E8FA1 /* ProfileViewController.swift */ = {isa = PBXFileReference; lastKnownFileType = sourcecode.swift; path = ProfileViewController.swift; sourceTree = "<group>"; };
		9FDFCA032BBC59F2000E8FA1 /* TabBarViewController.swift */ = {isa = PBXFileReference; lastKnownFileType = sourcecode.swift; path = TabBarViewController.swift; sourceTree = "<group>"; };
		9FDFCA052BBC5A0B000E8FA1 /* SignInViewController.swift */ = {isa = PBXFileReference; lastKnownFileType = sourcecode.swift; path = SignInViewController.swift; sourceTree = "<group>"; };
		9FDFCA072BBC5A15000E8FA1 /* SignUpViewController.swift */ = {isa = PBXFileReference; lastKnownFileType = sourcecode.swift; path = SignUpViewController.swift; sourceTree = "<group>"; };
		9FDFCA092BBC5A21000E8FA1 /* PostViewController.swift */ = {isa = PBXFileReference; lastKnownFileType = sourcecode.swift; path = PostViewController.swift; sourceTree = "<group>"; };
		9FDFCA0B2BBC5A2F000E8FA1 /* ListViewController.swift */ = {isa = PBXFileReference; lastKnownFileType = sourcecode.swift; path = ListViewController.swift; sourceTree = "<group>"; };
		9FDFCA0D2BBC5A3B000E8FA1 /* CaptionViewController.swift */ = {isa = PBXFileReference; lastKnownFileType = sourcecode.swift; path = CaptionViewController.swift; sourceTree = "<group>"; };
		9FDFCA0F2BBC5AD7000E8FA1 /* User.swift */ = {isa = PBXFileReference; lastKnownFileType = sourcecode.swift; path = User.swift; sourceTree = "<group>"; };
		9FDFCA112BBC5AE4000E8FA1 /* Post.swift */ = {isa = PBXFileReference; lastKnownFileType = sourcecode.swift; path = Post.swift; sourceTree = "<group>"; };
		9FDFCA152BBC5B09000E8FA1 /* Notification.swift */ = {isa = PBXFileReference; lastKnownFileType = sourcecode.swift; path = Notification.swift; sourceTree = "<group>"; };
		9FDFCA172BBC5B22000E8FA1 /* AuthManager.swift */ = {isa = PBXFileReference; lastKnownFileType = sourcecode.swift; path = AuthManager.swift; sourceTree = "<group>"; };
		9FDFCA192BBC5B36000E8FA1 /* DatabaseManager.swift */ = {isa = PBXFileReference; lastKnownFileType = sourcecode.swift; path = DatabaseManager.swift; sourceTree = "<group>"; };
		9FDFCA1B2BBC5B46000E8FA1 /* StorageManager.swift */ = {isa = PBXFileReference; lastKnownFileType = sourcecode.swift; path = StorageManager.swift; sourceTree = "<group>"; };
		9FDFCA1D2BBC5B58000E8FA1 /* AnalyticsManager.swift */ = {isa = PBXFileReference; lastKnownFileType = sourcecode.swift; path = AnalyticsManager.swift; sourceTree = "<group>"; };
		9FED15812C41669200DBEFEC /* ListUserTableViewCell.swift */ = {isa = PBXFileReference; lastKnownFileType = sourcecode.swift; path = ListUserTableViewCell.swift; sourceTree = "<group>"; };
		9FED15832C4166B100DBEFEC /* ListUserTableViewCellViewModel.swift */ = {isa = PBXFileReference; lastKnownFileType = sourcecode.swift; path = ListUserTableViewCellViewModel.swift; sourceTree = "<group>"; };
		9FFAF6A42BCD1AEF00768243 /* Extensions.swift */ = {isa = PBXFileReference; lastKnownFileType = sourcecode.swift; path = Extensions.swift; sourceTree = "<group>"; };
		9FFAF6A62BCD1B3D00768243 /* SignInHeaderView.swift */ = {isa = PBXFileReference; lastKnownFileType = sourcecode.swift; path = SignInHeaderView.swift; sourceTree = "<group>"; };
		9FFAF6A82BCD1E3C00768243 /* IGTextField.swift */ = {isa = PBXFileReference; lastKnownFileType = sourcecode.swift; path = IGTextField.swift; sourceTree = "<group>"; };
		9FFAF6AA2BCD359E00768243 /* HapticManager.swift */ = {isa = PBXFileReference; lastKnownFileType = sourcecode.swift; path = HapticManager.swift; sourceTree = "<group>"; };
		9FFAF6AC2BCD463200768243 /* SettingsViewController.swift */ = {isa = PBXFileReference; lastKnownFileType = sourcecode.swift; path = SettingsViewController.swift; sourceTree = "<group>"; };
		E8D88838F6B626A92C18E34A /* Pods-Instagram.debug.xcconfig */ = {isa = PBXFileReference; includeInIndex = 1; lastKnownFileType = text.xcconfig; name = "Pods-Instagram.debug.xcconfig"; path = "Target Support Files/Pods-Instagram/Pods-Instagram.debug.xcconfig"; sourceTree = "<group>"; };
/* End PBXFileReference section */

/* Begin PBXFrameworksBuildPhase section */
		9FDFC9D92BBC57EE000E8FA1 /* Frameworks */ = {
			isa = PBXFrameworksBuildPhase;
			buildActionMask = 2147483647;
			files = (
				6015F1589F36B18A122FFC17 /* Pods_Instagram.framework in Frameworks */,
			);
			runOnlyForDeploymentPostprocessing = 0;
		};
/* End PBXFrameworksBuildPhase section */

/* Begin PBXGroup section */
		310EDD47686081D3DA7C3A4F /* Frameworks */ = {
			isa = PBXGroup;
			children = (
				98206BA93C9EF15DDE2291C8 /* Pods_Instagram.framework */,
			);
			name = Frameworks;
			sourceTree = "<group>";
		};
		8D1153F8D81C91D29DA4462F /* Pods */ = {
			isa = PBXGroup;
			children = (
				E8D88838F6B626A92C18E34A /* Pods-Instagram.debug.xcconfig */,
				1FCE5FE38CE26E5F256EDA33 /* Pods-Instagram.release.xcconfig */,
			);
			path = Pods;
			sourceTree = "<group>";
		};
		9F0C90932C0A0ED700E5D3A3 /* Home Cells */ = {
			isa = PBXGroup;
			children = (
				9F0C90912C0A0ECD00E5D3A3 /* PosterCollectionViewCell.swift */,
				9F0C90942C0A108600E5D3A3 /* PostCollectionViewCell.swift */,
				9F0C90962C0A10AC00E5D3A3 /* PostActionsCollectionViewCell.swift */,
				9F0C90982C0A10E000E5D3A3 /* PostLikesCollectionViewCell.swift */,
				9F0C909A2C0A10FA00E5D3A3 /* PostCaptionCollectionViewCell.swift */,
				9F0C909C2C0A110F00E5D3A3 /* PostDateTimeCollectionViewCell.swift */,
			);
			path = "Home Cells";
			sourceTree = "<group>";
		};
		9F5C14C62C32B8C800A49DF4 /* Notification Cells */ = {
			isa = PBXGroup;
			children = (
				9F5C14C72C32B8F500A49DF4 /* FollowNotificationTableViewCell.swift */,
				9F5C14C92C32B90B00A49DF4 /* LikeNotificationTableViewCell.swift */,
				9F5C14CB2C32B91B00A49DF4 /* CommentNotificationTableViewCell.swift */,
			);
			path = "Notification Cells";
			sourceTree = "<group>";
		};
		9FDFC9D32BBC57EE000E8FA1 = {
			isa = PBXGroup;
			children = (
				9FDFC9DE2BBC57EE000E8FA1 /* Instagram */,
				9FDFC9DD2BBC57EE000E8FA1 /* Products */,
				8D1153F8D81C91D29DA4462F /* Pods */,
				310EDD47686081D3DA7C3A4F /* Frameworks */,
			);
			sourceTree = "<group>";
		};
		9FDFC9DD2BBC57EE000E8FA1 /* Products */ = {
			isa = PBXGroup;
			children = (
				9FDFC9DC2BBC57EE000E8FA1 /* Instagram.app */,
			);
			name = Products;
			sourceTree = "<group>";
		};
		9FDFC9DE2BBC57EE000E8FA1 /* Instagram */ = {
			isa = PBXGroup;
			children = (
				9FDFC9F32BBC5895000E8FA1 /* Resources */,
				9FDFC9F42BBC58A7000E8FA1 /* Managers */,
				9FDFC9F82BBC58D1000E8FA1 /* Models */,
				9FDFC9F72BBC58C4000E8FA1 /* ViewModels */,
				9FDFC9F62BBC58BE000E8FA1 /* Views */,
				9FDFC9F52BBC58B0000E8FA1 /* Controllers */,
				9FDFC9ED2BBC57F0000E8FA1 /* Info.plist */,
			);
			path = Instagram;
			sourceTree = "<group>";
		};
		9FDFC9F32BBC5895000E8FA1 /* Resources */ = {
			isa = PBXGroup;
			children = (
				9F4F598A2BC9597600C152FE /* GoogleService-Info.plist */,
				9FDFC9E82BBC57F0000E8FA1 /* Assets.xcassets */,
				9FDFC9DF2BBC57EE000E8FA1 /* AppDelegate.swift */,
				9FDFC9E12BBC57EE000E8FA1 /* SceneDelegate.swift */,
				9FFAF6A42BCD1AEF00768243 /* Extensions.swift */,
			);
			path = Resources;
			sourceTree = "<group>";
		};
		9FDFC9F42BBC58A7000E8FA1 /* Managers */ = {
			isa = PBXGroup;
			children = (
				9FDFCA172BBC5B22000E8FA1 /* AuthManager.swift */,
				9FDFCA192BBC5B36000E8FA1 /* DatabaseManager.swift */,
				9FDFCA1B2BBC5B46000E8FA1 /* StorageManager.swift */,
				9FDFCA1D2BBC5B58000E8FA1 /* AnalyticsManager.swift */,
				9FFAF6AA2BCD359E00768243 /* HapticManager.swift */,
				9F5C14CD2C32BAF300A49DF4 /* NotificationsManager.swift */,
			);
			path = Managers;
			sourceTree = "<group>";
		};
		9FDFC9F52BBC58B0000E8FA1 /* Controllers */ = {
			isa = PBXGroup;
			children = (
				9FDFC9FA2BBC58EC000E8FA1 /* Other */,
				9FDFC9F92BBC58E7000E8FA1 /* Core */,
			);
			path = Controllers;
			sourceTree = "<group>";
		};
		9FDFC9F62BBC58BE000E8FA1 /* Views */ = {
			isa = PBXGroup;
			children = (
				9F5C14C62C32B8C800A49DF4 /* Notification Cells */,
				9F0C90932C0A0ED700E5D3A3 /* Home Cells */,
				9FDFC9EA2BBC57F0000E8FA1 /* LaunchScreen.storyboard */,
				9FFAF6A62BCD1B3D00768243 /* SignInHeaderView.swift */,
				9FFAF6A82BCD1E3C00768243 /* IGTextField.swift */,
				9F45E7272C205F35001DF4EB /* PhotoCollectionViewCell.swift */,
				9F5C14D32C32C58500A49DF4 /* IGFollowButton.swift */,
				9F7C51C82C3BE92A006D9B18 /* ProfileHeaderCollectionReusableView.swift */,
				9F6116132C3D1EBA00D181E7 /* ProfileHeaderCountView.swift */,
				9FED15812C41669200DBEFEC /* ListUserTableViewCell.swift */,
				9F4E3FC92C524DDA002DF8F7 /* CommentBarView.swift */,
				9F4E3FCD2C524EAA002DF8F7 /* CommentCollectionViewCell.swift */,
			);
			path = Views;
			sourceTree = "<group>";
		};
		9FDFC9F72BBC58C4000E8FA1 /* ViewModels */ = {
			isa = PBXGroup;
			children = (
				9F61A1C12BFE40BA006D0F08 /* PosterCollectionViewCellViewModel.swift */,
				9F61A1C32BFE41CA006D0F08 /* PostCollectionViewCellViewModel.swift */,
				9F61A1C52BFE41F5006D0F08 /* PostActionsCollectionViewCellViewModel.swift */,
				9F61A1C72BFE4214006D0F08 /* PostLikesCollectionViewCellViewModel.swift */,
				9F61A1C92BFE4273006D0F08 /* PostCaptionCollectionViewCellViewModel.swift */,
				9F61A1CB2BFE42B0006D0F08 /* PostDatetimeCollectionViewCellViewModel.swift */,
				9F5C14D12C32C25A00A49DF4 /* NotificationCellViewModels.swift */,
				9F7C51CA2C3BE9E3006D9B18 /* ProfileHeaderViewModel.swift */,
				9F6116152C3D1EE100D181E7 /* ProfileHeaderCountViewViewModel.swift */,
				9FED15832C4166B100DBEFEC /* ListUserTableViewCellViewModel.swift */,
			);
			path = ViewModels;
			sourceTree = "<group>";
		};
		9FDFC9F82BBC58D1000E8FA1 /* Models */ = {
			isa = PBXGroup;
			children = (
				9FDFCA0F2BBC5AD7000E8FA1 /* User.swift */,
				9FDFCA112BBC5AE4000E8FA1 /* Post.swift */,
				9FDFCA152BBC5B09000E8FA1 /* Notification.swift */,
				9F61A1CD2BFE4387006D0F08 /* HomeFeedCellType.swift */,
				9F5C14CF2C32C1F700A49DF4 /* NotificationCellType.swift */,
				9F60D0072C3FDD080011CC0D /* UserInfo.swift */,
				9F5C6B172C4EAAB8006E7097 /* SinglePostCellType.swift */,
				9F7206962C4F8C240036F8CB /* SettingsModels.swift */,
				9F4E3FCB2C524E46002DF8F7 /* Comment.swift */,
			);
			path = Models;
			sourceTree = "<group>";
		};
		9FDFC9F92BBC58E7000E8FA1 /* Core */ = {
			isa = PBXGroup;
			children = (
				9FDFC9E32BBC57EE000E8FA1 /* HomeViewController.swift */,
				9FDFC9FB2BBC59AE000E8FA1 /* ExploreViewController.swift */,
				9FDFC9FD2BBC59C0000E8FA1 /* CameraViewController.swift */,
				9FDFC9FF2BBC59CE000E8FA1 /* NotificationsViewController.swift */,
				9FDFCA012BBC59DC000E8FA1 /* ProfileViewController.swift */,
				9FDFCA032BBC59F2000E8FA1 /* TabBarViewController.swift */,
			);
			path = Core;
			sourceTree = "<group>";
		};
		9FDFC9FA2BBC58EC000E8FA1 /* Other */ = {
			isa = PBXGroup;
			children = (
				9FDFCA052BBC5A0B000E8FA1 /* SignInViewController.swift */,
				9FDFCA072BBC5A15000E8FA1 /* SignUpViewController.swift */,
				9FDFCA092BBC5A21000E8FA1 /* PostViewController.swift */,
				9FDFCA0B2BBC5A2F000E8FA1 /* ListViewController.swift */,
				9FDFCA0D2BBC5A3B000E8FA1 /* CaptionViewController.swift */,
				9FFAF6AC2BCD463200768243 /* SettingsViewController.swift */,
				9F45E7252C2055C6001DF4EB /* PostEditViewController.swift */,
				9F5B9D712C25831100B51749 /* SearchResultsViewController.swift */,
				9F60D0092C3FE07B0011CC0D /* EditProfileViewController.swift */,
			);
			path = Other;
			sourceTree = "<group>";
		};
/* End PBXGroup section */

/* Begin PBXNativeTarget section */
		9FDFC9DB2BBC57EE000E8FA1 /* Instagram */ = {
			isa = PBXNativeTarget;
			buildConfigurationList = 9FDFC9F02BBC57F0000E8FA1 /* Build configuration list for PBXNativeTarget "Instagram" */;
			buildPhases = (
				6C49664186E4AFF753775599 /* [CP] Check Pods Manifest.lock */,
				9FDFC9D82BBC57EE000E8FA1 /* Sources */,
				9FDFC9D92BBC57EE000E8FA1 /* Frameworks */,
				9FDFC9DA2BBC57EE000E8FA1 /* Resources */,
				8C695D74BD3CEC53EF55FE65 /* [CP] Embed Pods Frameworks */,
			);
			buildRules = (
			);
			dependencies = (
			);
			name = Instagram;
			productName = Instagram;
			productReference = 9FDFC9DC2BBC57EE000E8FA1 /* Instagram.app */;
			productType = "com.apple.product-type.application";
		};
/* End PBXNativeTarget section */

/* Begin PBXProject section */
		9FDFC9D42BBC57EE000E8FA1 /* Project object */ = {
			isa = PBXProject;
			attributes = {
				BuildIndependentTargetsInParallel = 1;
				LastSwiftUpdateCheck = 1520;
				LastUpgradeCheck = 1520;
				TargetAttributes = {
					9FDFC9DB2BBC57EE000E8FA1 = {
						CreatedOnToolsVersion = 15.2;
					};
				};
			};
			buildConfigurationList = 9FDFC9D72BBC57EE000E8FA1 /* Build configuration list for PBXProject "Instagram" */;
			compatibilityVersion = "Xcode 14.0";
			developmentRegion = en;
			hasScannedForEncodings = 0;
			knownRegions = (
				en,
				Base,
			);
			mainGroup = 9FDFC9D32BBC57EE000E8FA1;
			productRefGroup = 9FDFC9DD2BBC57EE000E8FA1 /* Products */;
			projectDirPath = "";
			projectRoot = "";
			targets = (
				9FDFC9DB2BBC57EE000E8FA1 /* Instagram */,
			);
		};
/* End PBXProject section */

/* Begin PBXResourcesBuildPhase section */
		9FDFC9DA2BBC57EE000E8FA1 /* Resources */ = {
			isa = PBXResourcesBuildPhase;
			buildActionMask = 2147483647;
			files = (
				9FDFC9EC2BBC57F0000E8FA1 /* LaunchScreen.storyboard in Resources */,
				9FDFC9E92BBC57F0000E8FA1 /* Assets.xcassets in Resources */,
				9F4F598B2BC9597600C152FE /* GoogleService-Info.plist in Resources */,
			);
			runOnlyForDeploymentPostprocessing = 0;
		};
/* End PBXResourcesBuildPhase section */

/* Begin PBXShellScriptBuildPhase section */
		6C49664186E4AFF753775599 /* [CP] Check Pods Manifest.lock */ = {
			isa = PBXShellScriptBuildPhase;
			buildActionMask = 2147483647;
			files = (
			);
			inputFileListPaths = (
			);
			inputPaths = (
				"${PODS_PODFILE_DIR_PATH}/Podfile.lock",
				"${PODS_ROOT}/Manifest.lock",
			);
			name = "[CP] Check Pods Manifest.lock";
			outputFileListPaths = (
			);
			outputPaths = (
				"$(DERIVED_FILE_DIR)/Pods-Instagram-checkManifestLockResult.txt",
			);
			runOnlyForDeploymentPostprocessing = 0;
			shellPath = /bin/sh;
			shellScript = "diff \"${PODS_PODFILE_DIR_PATH}/Podfile.lock\" \"${PODS_ROOT}/Manifest.lock\" > /dev/null\nif [ $? != 0 ] ; then\n    # print error to STDERR\n    echo \"error: The sandbox is not in sync with the Podfile.lock. Run 'pod install' or update your CocoaPods installation.\" >&2\n    exit 1\nfi\n# This output is used by Xcode 'outputs' to avoid re-running this script phase.\necho \"SUCCESS\" > \"${SCRIPT_OUTPUT_FILE_0}\"\n";
			showEnvVarsInLog = 0;
		};
		8C695D74BD3CEC53EF55FE65 /* [CP] Embed Pods Frameworks */ = {
			isa = PBXShellScriptBuildPhase;
			buildActionMask = 2147483647;
			files = (
			);
			inputFileListPaths = (
				"${PODS_ROOT}/Target Support Files/Pods-Instagram/Pods-Instagram-frameworks-${CONFIGURATION}-input-files.xcfilelist",
			);
			name = "[CP] Embed Pods Frameworks";
			outputFileListPaths = (
				"${PODS_ROOT}/Target Support Files/Pods-Instagram/Pods-Instagram-frameworks-${CONFIGURATION}-output-files.xcfilelist",
			);
			runOnlyForDeploymentPostprocessing = 0;
			shellPath = /bin/sh;
			shellScript = "\"${PODS_ROOT}/Target Support Files/Pods-Instagram/Pods-Instagram-frameworks.sh\"\n";
			showEnvVarsInLog = 0;
		};
/* End PBXShellScriptBuildPhase section */

/* Begin PBXSourcesBuildPhase section */
		9FDFC9D82BBC57EE000E8FA1 /* Sources */ = {
			isa = PBXSourcesBuildPhase;
			buildActionMask = 2147483647;
			files = (
				9FDFCA042BBC59F2000E8FA1 /* TabBarViewController.swift in Sources */,
				9F0C90992C0A10E000E5D3A3 /* PostLikesCollectionViewCell.swift in Sources */,
				9F7206972C4F8C240036F8CB /* SettingsModels.swift in Sources */,
				9FFAF6AB2BCD359E00768243 /* HapticManager.swift in Sources */,
				9F6116142C3D1EBA00D181E7 /* ProfileHeaderCountView.swift in Sources */,
				9F7C51C92C3BE92A006D9B18 /* ProfileHeaderCollectionReusableView.swift in Sources */,
				9FED15822C41669200DBEFEC /* ListUserTableViewCell.swift in Sources */,
				9FDFCA182BBC5B22000E8FA1 /* AuthManager.swift in Sources */,
				9F5C14CE2C32BAF300A49DF4 /* NotificationsManager.swift in Sources */,
				9FDFC9FC2BBC59AE000E8FA1 /* ExploreViewController.swift in Sources */,
				9F5C14D02C32C1F700A49DF4 /* NotificationCellType.swift in Sources */,
				9FDFCA0C2BBC5A2F000E8FA1 /* ListViewController.swift in Sources */,
				9F5C14C82C32B8F500A49DF4 /* FollowNotificationTableViewCell.swift in Sources */,
				9F4E3FCE2C524EAA002DF8F7 /* CommentCollectionViewCell.swift in Sources */,
				9F5C14CC2C32B91B00A49DF4 /* CommentNotificationTableViewCell.swift in Sources */,
				9F0C90952C0A108600E5D3A3 /* PostCollectionViewCell.swift in Sources */,
				9FFAF6A92BCD1E3C00768243 /* IGTextField.swift in Sources */,
				9F0C90972C0A10AC00E5D3A3 /* PostActionsCollectionViewCell.swift in Sources */,
				9F5C6B182C4EAAB8006E7097 /* SinglePostCellType.swift in Sources */,
				9FDFCA0E2BBC5A3B000E8FA1 /* CaptionViewController.swift in Sources */,
				9FDFC9FE2BBC59C0000E8FA1 /* CameraViewController.swift in Sources */,
				9FDFC9E42BBC57EE000E8FA1 /* HomeViewController.swift in Sources */,
				9F4E3FCA2C524DDA002DF8F7 /* CommentBarView.swift in Sources */,
				9F5C14D42C32C58500A49DF4 /* IGFollowButton.swift in Sources */,
				9FDFCA1C2BBC5B46000E8FA1 /* StorageManager.swift in Sources */,
				9F5C14D22C32C25A00A49DF4 /* NotificationCellViewModels.swift in Sources */,
				9F61A1C22BFE40BA006D0F08 /* PosterCollectionViewCellViewModel.swift in Sources */,
				9FFAF6A52BCD1AEF00768243 /* Extensions.swift in Sources */,
				9FDFCA102BBC5AD7000E8FA1 /* User.swift in Sources */,
				9F61A1CC2BFE42B0006D0F08 /* PostDatetimeCollectionViewCellViewModel.swift in Sources */,
				9FDFCA082BBC5A15000E8FA1 /* SignUpViewController.swift in Sources */,
				9F60D00A2C3FE07B0011CC0D /* EditProfileViewController.swift in Sources */,
				9F6116162C3D1EE100D181E7 /* ProfileHeaderCountViewViewModel.swift in Sources */,
				9F5B9D722C25831100B51749 /* SearchResultsViewController.swift in Sources */,
				9FFAF6A72BCD1B3D00768243 /* SignInHeaderView.swift in Sources */,
				9FDFCA002BBC59CE000E8FA1 /* NotificationsViewController.swift in Sources */,
				9F61A1C42BFE41CA006D0F08 /* PostCollectionViewCellViewModel.swift in Sources */,
				9F61A1CE2BFE4387006D0F08 /* HomeFeedCellType.swift in Sources */,
				9F61A1C82BFE4214006D0F08 /* PostLikesCollectionViewCellViewModel.swift in Sources */,
				9FDFCA122BBC5AE4000E8FA1 /* Post.swift in Sources */,
				9FDFCA062BBC5A0B000E8FA1 /* SignInViewController.swift in Sources */,
				9F45E7262C2055C6001DF4EB /* PostEditViewController.swift in Sources */,
				9F5C14CA2C32B90B00A49DF4 /* LikeNotificationTableViewCell.swift in Sources */,
				9F7C51CB2C3BE9E3006D9B18 /* ProfileHeaderViewModel.swift in Sources */,
				9FDFCA022BBC59DC000E8FA1 /* ProfileViewController.swift in Sources */,
				9FED15842C4166B100DBEFEC /* ListUserTableViewCellViewModel.swift in Sources */,
				9F61A1CA2BFE4273006D0F08 /* PostCaptionCollectionViewCellViewModel.swift in Sources */,
				9FDFC9E02BBC57EE000E8FA1 /* AppDelegate.swift in Sources */,
				9FDFCA1E2BBC5B58000E8FA1 /* AnalyticsManager.swift in Sources */,
				9FDFCA1A2BBC5B36000E8FA1 /* DatabaseManager.swift in Sources */,
				9F61A1C62BFE41F5006D0F08 /* PostActionsCollectionViewCellViewModel.swift in Sources */,
				9F60D0082C3FDD080011CC0D /* UserInfo.swift in Sources */,
				9F0C909D2C0A110F00E5D3A3 /* PostDateTimeCollectionViewCell.swift in Sources */,
				9FDFC9E22BBC57EE000E8FA1 /* SceneDelegate.swift in Sources */,
				9F45E7282C205F35001DF4EB /* PhotoCollectionViewCell.swift in Sources */,
				9FFAF6AD2BCD463200768243 /* SettingsViewController.swift in Sources */,
				9F4E3FCC2C524E46002DF8F7 /* Comment.swift in Sources */,
				9F0C90922C0A0ECD00E5D3A3 /* PosterCollectionViewCell.swift in Sources */,
				9FDFCA0A2BBC5A21000E8FA1 /* PostViewController.swift in Sources */,
				9FDFCA162BBC5B09000E8FA1 /* Notification.swift in Sources */,
				9F0C909B2C0A10FA00E5D3A3 /* PostCaptionCollectionViewCell.swift in Sources */,
			);
			runOnlyForDeploymentPostprocessing = 0;
		};
/* End PBXSourcesBuildPhase section */

/* Begin PBXVariantGroup section */
		9FDFC9EA2BBC57F0000E8FA1 /* LaunchScreen.storyboard */ = {
			isa = PBXVariantGroup;
			children = (
				9FDFC9EB2BBC57F0000E8FA1 /* Base */,
			);
			name = LaunchScreen.storyboard;
			sourceTree = "<group>";
		};
/* End PBXVariantGroup section */

/* Begin XCBuildConfiguration section */
		9FDFC9EE2BBC57F0000E8FA1 /* Debug */ = {
			isa = XCBuildConfiguration;
			buildSettings = {
				ALWAYS_SEARCH_USER_PATHS = NO;
				ASSETCATALOG_COMPILER_GENERATE_SWIFT_ASSET_SYMBOL_EXTENSIONS = YES;
				CLANG_ANALYZER_NONNULL = YES;
				CLANG_ANALYZER_NUMBER_OBJECT_CONVERSION = YES_AGGRESSIVE;
				CLANG_CXX_LANGUAGE_STANDARD = "gnu++20";
				CLANG_ENABLE_MODULES = YES;
				CLANG_ENABLE_OBJC_ARC = YES;
				CLANG_ENABLE_OBJC_WEAK = YES;
				CLANG_WARN_BLOCK_CAPTURE_AUTORELEASING = YES;
				CLANG_WARN_BOOL_CONVERSION = YES;
				CLANG_WARN_COMMA = YES;
				CLANG_WARN_CONSTANT_CONVERSION = YES;
				CLANG_WARN_DEPRECATED_OBJC_IMPLEMENTATIONS = YES;
				CLANG_WARN_DIRECT_OBJC_ISA_USAGE = YES_ERROR;
				CLANG_WARN_DOCUMENTATION_COMMENTS = YES;
				CLANG_WARN_EMPTY_BODY = YES;
				CLANG_WARN_ENUM_CONVERSION = YES;
				CLANG_WARN_INFINITE_RECURSION = YES;
				CLANG_WARN_INT_CONVERSION = YES;
				CLANG_WARN_NON_LITERAL_NULL_CONVERSION = YES;
				CLANG_WARN_OBJC_IMPLICIT_RETAIN_SELF = YES;
				CLANG_WARN_OBJC_LITERAL_CONVERSION = YES;
				CLANG_WARN_OBJC_ROOT_CLASS = YES_ERROR;
				CLANG_WARN_QUOTED_INCLUDE_IN_FRAMEWORK_HEADER = YES;
				CLANG_WARN_RANGE_LOOP_ANALYSIS = YES;
				CLANG_WARN_STRICT_PROTOTYPES = YES;
				CLANG_WARN_SUSPICIOUS_MOVE = YES;
				CLANG_WARN_UNGUARDED_AVAILABILITY = YES_AGGRESSIVE;
				CLANG_WARN_UNREACHABLE_CODE = YES;
				CLANG_WARN__DUPLICATE_METHOD_MATCH = YES;
				COPY_PHASE_STRIP = NO;
				DEBUG_INFORMATION_FORMAT = dwarf;
				ENABLE_STRICT_OBJC_MSGSEND = YES;
				ENABLE_TESTABILITY = YES;
				ENABLE_USER_SCRIPT_SANDBOXING = NO;
				GCC_C_LANGUAGE_STANDARD = gnu17;
				GCC_DYNAMIC_NO_PIC = NO;
				GCC_NO_COMMON_BLOCKS = YES;
				GCC_OPTIMIZATION_LEVEL = 0;
				GCC_PREPROCESSOR_DEFINITIONS = (
					"DEBUG=1",
					"$(inherited)",
				);
				GCC_WARN_64_TO_32_BIT_CONVERSION = YES;
				GCC_WARN_ABOUT_RETURN_TYPE = YES_ERROR;
				GCC_WARN_UNDECLARED_SELECTOR = YES;
				GCC_WARN_UNINITIALIZED_AUTOS = YES_AGGRESSIVE;
				GCC_WARN_UNUSED_FUNCTION = YES;
				GCC_WARN_UNUSED_VARIABLE = YES;
				IPHONEOS_DEPLOYMENT_TARGET = 17.2;
				LOCALIZATION_PREFERS_STRING_CATALOGS = YES;
				MTL_ENABLE_DEBUG_INFO = INCLUDE_SOURCE;
				MTL_FAST_MATH = YES;
				ONLY_ACTIVE_ARCH = YES;
				SDKROOT = iphoneos;
				SWIFT_ACTIVE_COMPILATION_CONDITIONS = "DEBUG $(inherited)";
				SWIFT_OPTIMIZATION_LEVEL = "-Onone";
			};
			name = Debug;
		};
		9FDFC9EF2BBC57F0000E8FA1 /* Release */ = {
			isa = XCBuildConfiguration;
			buildSettings = {
				ALWAYS_SEARCH_USER_PATHS = NO;
				ASSETCATALOG_COMPILER_GENERATE_SWIFT_ASSET_SYMBOL_EXTENSIONS = YES;
				CLANG_ANALYZER_NONNULL = YES;
				CLANG_ANALYZER_NUMBER_OBJECT_CONVERSION = YES_AGGRESSIVE;
				CLANG_CXX_LANGUAGE_STANDARD = "gnu++20";
				CLANG_ENABLE_MODULES = YES;
				CLANG_ENABLE_OBJC_ARC = YES;
				CLANG_ENABLE_OBJC_WEAK = YES;
				CLANG_WARN_BLOCK_CAPTURE_AUTORELEASING = YES;
				CLANG_WARN_BOOL_CONVERSION = YES;
				CLANG_WARN_COMMA = YES;
				CLANG_WARN_CONSTANT_CONVERSION = YES;
				CLANG_WARN_DEPRECATED_OBJC_IMPLEMENTATIONS = YES;
				CLANG_WARN_DIRECT_OBJC_ISA_USAGE = YES_ERROR;
				CLANG_WARN_DOCUMENTATION_COMMENTS = YES;
				CLANG_WARN_EMPTY_BODY = YES;
				CLANG_WARN_ENUM_CONVERSION = YES;
				CLANG_WARN_INFINITE_RECURSION = YES;
				CLANG_WARN_INT_CONVERSION = YES;
				CLANG_WARN_NON_LITERAL_NULL_CONVERSION = YES;
				CLANG_WARN_OBJC_IMPLICIT_RETAIN_SELF = YES;
				CLANG_WARN_OBJC_LITERAL_CONVERSION = YES;
				CLANG_WARN_OBJC_ROOT_CLASS = YES_ERROR;
				CLANG_WARN_QUOTED_INCLUDE_IN_FRAMEWORK_HEADER = YES;
				CLANG_WARN_RANGE_LOOP_ANALYSIS = YES;
				CLANG_WARN_STRICT_PROTOTYPES = YES;
				CLANG_WARN_SUSPICIOUS_MOVE = YES;
				CLANG_WARN_UNGUARDED_AVAILABILITY = YES_AGGRESSIVE;
				CLANG_WARN_UNREACHABLE_CODE = YES;
				CLANG_WARN__DUPLICATE_METHOD_MATCH = YES;
				COPY_PHASE_STRIP = NO;
				DEBUG_INFORMATION_FORMAT = "dwarf-with-dsym";
				ENABLE_NS_ASSERTIONS = NO;
				ENABLE_STRICT_OBJC_MSGSEND = YES;
				ENABLE_USER_SCRIPT_SANDBOXING = NO;
				GCC_C_LANGUAGE_STANDARD = gnu17;
				GCC_NO_COMMON_BLOCKS = YES;
				GCC_WARN_64_TO_32_BIT_CONVERSION = YES;
				GCC_WARN_ABOUT_RETURN_TYPE = YES_ERROR;
				GCC_WARN_UNDECLARED_SELECTOR = YES;
				GCC_WARN_UNINITIALIZED_AUTOS = YES_AGGRESSIVE;
				GCC_WARN_UNUSED_FUNCTION = YES;
				GCC_WARN_UNUSED_VARIABLE = YES;
				IPHONEOS_DEPLOYMENT_TARGET = 17.2;
				LOCALIZATION_PREFERS_STRING_CATALOGS = YES;
				MTL_ENABLE_DEBUG_INFO = NO;
				MTL_FAST_MATH = YES;
				SDKROOT = iphoneos;
				SWIFT_COMPILATION_MODE = wholemodule;
				VALIDATE_PRODUCT = YES;
			};
			name = Release;
		};
		9FDFC9F12BBC57F0000E8FA1 /* Debug */ = {
			isa = XCBuildConfiguration;
			baseConfigurationReference = E8D88838F6B626A92C18E34A /* Pods-Instagram.debug.xcconfig */;
			buildSettings = {
				ASSETCATALOG_COMPILER_APPICON_NAME = AppIcon;
				ASSETCATALOG_COMPILER_GLOBAL_ACCENT_COLOR_NAME = AccentColor;
				CODE_SIGN_STYLE = Automatic;
				CURRENT_PROJECT_VERSION = 1;
				DEVELOPMENT_TEAM = M5S2899J9B;
				GENERATE_INFOPLIST_FILE = YES;
				INFOPLIST_FILE = Instagram/Info.plist;
				INFOPLIST_KEY_CFBundleDisplayName = Instagram;
				INFOPLIST_KEY_UIApplicationSupportsIndirectInputEvents = YES;
				INFOPLIST_KEY_UILaunchStoryboardName = LaunchScreen;
				INFOPLIST_KEY_UISupportedInterfaceOrientations = UIInterfaceOrientationPortrait;
				INFOPLIST_KEY_UISupportedInterfaceOrientations_iPad = "UIInterfaceOrientationLandscapeLeft UIInterfaceOrientationLandscapeRight UIInterfaceOrientationPortrait UIInterfaceOrientationPortraitUpsideDown";
				IPHONEOS_DEPLOYMENT_TARGET = 15.0;
				LD_RUNPATH_SEARCH_PATHS = (
					"$(inherited)",
					"@executable_path/Frameworks",
				);
				MARKETING_VERSION = 1.0;
				PRODUCT_BUNDLE_IDENTIFIER = wwwwwopq8e90d8cg.Instagram;
				PRODUCT_NAME = "$(TARGET_NAME)";
				SUPPORTED_PLATFORMS = "iphoneos iphonesimulator";
				SUPPORTS_MACCATALYST = NO;
				SUPPORTS_MAC_DESIGNED_FOR_IPHONE_IPAD = NO;
				SUPPORTS_XR_DESIGNED_FOR_IPHONE_IPAD = NO;
				SWIFT_EMIT_LOC_STRINGS = YES;
				SWIFT_VERSION = 5.0;
				TARGETED_DEVICE_FAMILY = 1;
			};
			name = Debug;
		};
		9FDFC9F22BBC57F0000E8FA1 /* Release */ = {
			isa = XCBuildConfiguration;
			baseConfigurationReference = 1FCE5FE38CE26E5F256EDA33 /* Pods-Instagram.release.xcconfig */;
			buildSettings = {
				ASSETCATALOG_COMPILER_APPICON_NAME = AppIcon;
				ASSETCATALOG_COMPILER_GLOBAL_ACCENT_COLOR_NAME = AccentColor;
				CODE_SIGN_STYLE = Automatic;
				CURRENT_PROJECT_VERSION = 1;
				DEVELOPMENT_TEAM = M5S2899J9B;
				GENERATE_INFOPLIST_FILE = YES;
				INFOPLIST_FILE = Instagram/Info.plist;
				INFOPLIST_KEY_CFBundleDisplayName = Instagram;
				INFOPLIST_KEY_UIApplicationSupportsIndirectInputEvents = YES;
				INFOPLIST_KEY_UILaunchStoryboardName = LaunchScreen;
				INFOPLIST_KEY_UISupportedInterfaceOrientations = UIInterfaceOrientationPortrait;
				INFOPLIST_KEY_UISupportedInterfaceOrientations_iPad = "UIInterfaceOrientationLandscapeLeft UIInterfaceOrientationLandscapeRight UIInterfaceOrientationPortrait UIInterfaceOrientationPortraitUpsideDown";
				IPHONEOS_DEPLOYMENT_TARGET = 15.0;
				LD_RUNPATH_SEARCH_PATHS = (
					"$(inherited)",
					"@executable_path/Frameworks",
				);
				MARKETING_VERSION = 1.0;
				PRODUCT_BUNDLE_IDENTIFIER = wwwwwopq8e90d8cg.Instagram;
				PRODUCT_NAME = "$(TARGET_NAME)";
				SUPPORTED_PLATFORMS = "iphoneos iphonesimulator";
				SUPPORTS_MACCATALYST = NO;
				SUPPORTS_MAC_DESIGNED_FOR_IPHONE_IPAD = NO;
				SUPPORTS_XR_DESIGNED_FOR_IPHONE_IPAD = NO;
				SWIFT_EMIT_LOC_STRINGS = YES;
				SWIFT_VERSION = 5.0;
				TARGETED_DEVICE_FAMILY = 1;
			};
			name = Release;
		};
/* End XCBuildConfiguration section */

/* Begin XCConfigurationList section */
		9FDFC9D72BBC57EE000E8FA1 /* Build configuration list for PBXProject "Instagram" */ = {
			isa = XCConfigurationList;
			buildConfigurations = (
				9FDFC9EE2BBC57F0000E8FA1 /* Debug */,
				9FDFC9EF2BBC57F0000E8FA1 /* Release */,
			);
			defaultConfigurationIsVisible = 0;
			defaultConfigurationName = Release;
		};
		9FDFC9F02BBC57F0000E8FA1 /* Build configuration list for PBXNativeTarget "Instagram" */ = {
			isa = XCConfigurationList;
			buildConfigurations = (
				9FDFC9F12BBC57F0000E8FA1 /* Debug */,
				9FDFC9F22BBC57F0000E8FA1 /* Release */,
			);
			defaultConfigurationIsVisible = 0;
			defaultConfigurationName = Release;
		};
/* End XCConfigurationList section */
	};
	rootObject = 9FDFC9D42BBC57EE000E8FA1 /* Project object */;
}
